PODS:
  - MultiSelectSegmentedControl (2.3.6):
    - SweeterSwift
  - SweeterSwift (1.1.4)
  - SwiftFormat/CLI (0.50.4)
  - SwiftLint (0.50.1)
  - SwiftQuality (2.0.0):
    - SwiftFormat/CLI (= 0.50.4)
    - SwiftLint (= 0.50.1)

DEPENDENCIES:
  - MultiSelectSegmentedControl (from `..`)
  - SwiftQuality (from `https://github.com/yonat/SwiftQuality`)

SPEC REPOS:
  trunk:
    - SweeterSwift
    - SwiftFormat
    - SwiftLint

EXTERNAL SOURCES:
  MultiSelectSegmentedControl:
    :path: ".."
  SwiftQuality:
    :git: https://github.com/yonat/SwiftQuality

CHECKOUT OPTIONS:
  SwiftQuality:
    :commit: a5d464f7de98c03ecbbf0c60c4124faeac67633e
    :git: https://github.com/yonat/SwiftQuality

SPEC CHECKSUMS:
  MultiSelectSegmentedControl: 37fcb70250c2e6ec0aff942c15c294161dc7c11b
  SweeterSwift: 8a90cf3156f5a1b6f39785c479369a16633b5ea9
  SwiftFormat: 42b2e7e390bffa30ea7a9f2dd8c8872d37f6a093
  SwiftLint: 6b0cf1f4d619808dbc16e4fab064ce6fc79f090b
  SwiftQuality: 890e271defff439147373b686a9261dbc1f0c7f6

PODFILE CHECKSUM: 92cd6d87e38c6180a07bf3e6a1b69eebeea75897

COCOAPODS: 1.11.3
