PODS:
  - MultiSelectSegmentedControl (2.3.6):
    - SweeterSwift
  - SweeterSwift (1.2.2)
  - SwiftFormat/CLI (0.50.7)
  - SwiftLint (0.50.3)
  - SwiftQuality (2.0.1):
    - SwiftFormat/CLI (= 0.50.7)
    - SwiftLint (= 0.50.3)

DEPENDENCIES:
  - MultiSelectSegmentedControl (from `..`)
  - SwiftQuality (from `https://github.com/yonat/SwiftQuality`)

SPEC REPOS:
  trunk:
    - SweeterSwift
    - SwiftFormat
    - SwiftLint

EXTERNAL SOURCES:
  MultiSelectSegmentedControl:
    :path: ".."
  SwiftQuality:
    :git: https://github.com/yonat/SwiftQuality

CHECKOUT OPTIONS:
  SwiftQuality:
    :commit: f192ce833f082501a51269c1cb08cf6cf01fa3a3
    :git: https://github.com/yonat/SwiftQuality

SPEC CHECKSUMS:
  MultiSelectSegmentedControl: a5982baea6355727ee14b2c5d775dd259655793d
  SweeterSwift: a875c6c0242ed0fb5f7859bf9832fd3648c3822f
  SwiftFormat: 4fcf72ee44c7198255108c22ed7135c38a36ba6b
  SwiftLint: 77f7cb2b9bb81ab4a12fcc86448ba3f11afa50c6
  SwiftQuality: 8d69820e0f82a25563c3cb33d31b0a11f124ea0c

PODFILE CHECKSUM: a42a91aeabe81302058263b67f048a3c8c970017

COCOAPODS: 1.12.1
